{
  "version": "4",
  "remote": {
    "https://raw.githubusercontent.com/gorhill/uBlock/1.61.3b4/src/js/arglist-parser.js": "5f90e763f27e877387e7b66fefd3a5fe068e2a9e8b9de9b9111cff3ecc40da23",
    "https://raw.githubusercontent.com/gorhill/uBlock/1.61.3b4/src/js/resources/attribute.js": "1d467189c934d768ec173aa07d434d6f420cfd74a903178cfc08ea7b31c5d4e5",
    "https://raw.githubusercontent.com/gorhill/uBlock/1.61.3b4/src/js/resources/base.js": "5eb0f5c20866149f99537e64959c51c466f9b43cd4fde1682ae0534a4096a4b8",
    "https://raw.githubusercontent.com/gorhill/uBlock/1.61.3b4/src/js/resources/cookie.js": "fa534a5c333d766724099ff02b9fc010ad1b2c8eb146524c400854ec7a37a07e",
    "https://raw.githubusercontent.com/gorhill/uBlock/1.61.3b4/src/js/resources/localstorage.js": "3bde5caebe8401f8fe859ea7afea3c8a57c9fb6b5b7b0c5335670a420f1bf99f",
    "https://raw.githubusercontent.com/gorhill/uBlock/1.61.3b4/src/js/resources/parse-replace.js": "f2a76468517b8a8baf37b3a92062fd4fdaf0c0605129d98de820d71b48d1bd29",
    "https://raw.githubusercontent.com/gorhill/uBlock/1.61.3b4/src/js/resources/prevent-settimeout.js": "9345dcb276f4afaafe0472e74921f966c93ec185298bfafb770441827ce29a45",
    "https://raw.githubusercontent.com/gorhill/uBlock/1.61.3b4/src/js/resources/proxy-apply.js": "fad3ed8f7cc389d546597f3e0b37c1a796805d3a25d14fab28a10893d1c47c56",
    "https://raw.githubusercontent.com/gorhill/uBlock/1.61.3b4/src/js/resources/replace-argument.js": "84191fcbeb9ede9c73c706e4ef10256515d7945f4ad326e1e30bed29b08a1c36",
    "https://raw.githubusercontent.com/gorhill/uBlock/1.61.3b4/src/js/resources/run-at.js": "6437331823733579b07c0b5d04c90e69947959feb02f0b12f4962769719e4f52",
    "https://raw.githubusercontent.com/gorhill/uBlock/1.61.3b4/src/js/resources/safe-self.js": "977e3458fc4c69360e3660a0ed57d8174ca1524ad0823eab78e3f1a33943a71d",
    "https://raw.githubusercontent.com/gorhill/uBlock/1.61.3b4/src/js/resources/scriptlets.js": "5ad44c15d55e5aebab0ba27e9f0dea6c3d480f0c24c93b0a856998264d578e3e",
    "https://raw.githubusercontent.com/gorhill/uBlock/1.61.3b4/src/js/resources/set-constant.js": "313031efb1e19d04bf1bc6fa0385942455262d3cc0c7fc3b177e4d7d8308ae1f",
    "https://raw.githubusercontent.com/gorhill/uBlock/1.61.3b4/src/js/resources/shared.js": "8860a5756874884dfc619a22d32edfe9359ada0ffb4e17779fe3810b8ca4b371",
    "https://raw.githubusercontent.com/gorhill/uBlock/1.61.3b4/src/js/resources/spoof-css.js": "dd30b098802b23ef0b46c62d9242c0af49997a6d66afac54493791d7fbcee225"
  },
  "workspace": {
    "packageJson": {
      "dependencies": [
        "npm:@duckduckgo/autoconsent@^10.17.0",
        "npm:@eslint/js@^9.16.0",
        "npm:@ghostery/adblocker-webextension@^2.3.0",
        "npm:@ghostery/adblocker@^2.3.0",
        "npm:@github/relative-time-element@^4.3.0",
        "npm:@sentry/browser@^8.42.0",
        "npm:@types/chrome@^0.0.287",
        "npm:@wdio/browser-runner@9.2.1",
        "npm:@wdio/cli@9.2.1",
        "npm:@wdio/globals@9.2.1",
        "npm:@wdio/mocha-framework@9.1.3",
        "npm:@wdio/spec-reporter@9.2.2",
        "npm:@whotracksme/reporting@^5.2.0",
        "npm:addons-linter@^7.5.0",
        "npm:bowser@^2.11.0",
        "npm:eslint-config-prettier@^9.1.0",
        "npm:eslint-plugin-prettier@^5.2.1",
        "npm:eslint@^9.16.0",
        "npm:globals@^15.13.0",
        "npm:hybrids@^9.1.8",
        "npm:idb@8",
        "npm:jwt-decode@4",
        "npm:license-report@^6.5.0",
        "npm:prettier@^3.4.1",
        "npm:sinon-chrome@^3.0.1",
        "npm:tldts-experimental@^6.1.65",
        "npm:vite@^6.0.2",
        "npm:web-ext@^8.2.0",
        "npm:webextension-polyfill@0.12"
      ]
    }
  }
}
